// !$*UTF8*$!
{
	archiveVersion = 1;
	classes = {
	};
	objectVersion = 56;
	objects = {

/* Begin PBXBuildFile section */
		A32BA22F2B23A477003F1F06 /* CoreDataAnime+CoreDataClass.swift in Sources */ = {isa = PBXBuildFile; fileRef = A32BA22D2B23A477003F1F06 /* CoreDataAnime+CoreDataClass.swift */; };
		A32BA2302B23A477003F1F06 /* CoreDataAnime+CoreDataProperties.swift in Sources */ = {isa = PBXBuildFile; fileRef = A32BA22E2B23A477003F1F06 /* CoreDataAnime+CoreDataProperties.swift */; };
		A32BA2332B23A4AD003F1F06 /* CoreDataManager.swift in Sources */ = {isa = PBXBuildFile; fileRef = A32BA2322B23A4AD003F1F06 /* CoreDataManager.swift */; };
		A32BA2362B23AD46003F1F06 /* MyListView.swift in Sources */ = {isa = PBXBuildFile; fileRef = A32BA2352B23AD46003F1F06 /* MyListView.swift */; };
		A32BA2382B23AD8F003F1F06 /* MyListViewModel.swift in Sources */ = {isa = PBXBuildFile; fileRef = A32BA2372B23AD8F003F1F06 /* MyListViewModel.swift */; };
		A33BAF912B2A32EF009AAB12 /* URLSessionHTTPService.swift in Sources */ = {isa = PBXBuildFile; fileRef = A33BAF902B2A32EF009AAB12 /* URLSessionHTTPService.swift */; };
		A33BAF932B2A33C6009AAB12 /* LoggingURLSessionHTTPService.swift in Sources */ = {isa = PBXBuildFile; fileRef = A33BAF922B2A33C6009AAB12 /* LoggingURLSessionHTTPService.swift */; };
		A356BCFF2B21E6EB006929B2 /* KleverChallengeApp.swift in Sources */ = {isa = PBXBuildFile; fileRef = A356BCFE2B21E6EB006929B2 /* KleverChallengeApp.swift */; };
		A356BD012B21E6EB006929B2 /* ContentView.swift in Sources */ = {isa = PBXBuildFile; fileRef = A356BD002B21E6EB006929B2 /* ContentView.swift */; };
		A356BD032B21E6ED006929B2 /* Assets.xcassets in Resources */ = {isa = PBXBuildFile; fileRef = A356BD022B21E6ED006929B2 /* Assets.xcassets */; };
		A356BD062B21E6ED006929B2 /* Preview Assets.xcassets in Resources */ = {isa = PBXBuildFile; fileRef = A356BD052B21E6ED006929B2 /* Preview Assets.xcassets */; };
		A356BD102B21E6ED006929B2 /* KleverChallengeTests.swift in Sources */ = {isa = PBXBuildFile; fileRef = A356BD0F2B21E6ED006929B2 /* KleverChallengeTests.swift */; };
		A356BD1A2B21E6ED006929B2 /* KleverChallengeUITests.swift in Sources */ = {isa = PBXBuildFile; fileRef = A356BD192B21E6ED006929B2 /* KleverChallengeUITests.swift */; };
		A356BD1C2B21E6ED006929B2 /* KleverChallengeUITestsLaunchTests.swift in Sources */ = {isa = PBXBuildFile; fileRef = A356BD1B2B21E6ED006929B2 /* KleverChallengeUITestsLaunchTests.swift */; };
		A356BD2A2B21E754006929B2 /* KleverChallengeDataModel.xcdatamodeld in Sources */ = {isa = PBXBuildFile; fileRef = A356BD282B21E754006929B2 /* KleverChallengeDataModel.xcdatamodeld */; };
		A356BD302B21E976006929B2 /* Anime.swift in Sources */ = {isa = PBXBuildFile; fileRef = A356BD2F2B21E976006929B2 /* Anime.swift */; };
		A356BD322B21EA6B006929B2 /* AnimeRepository.swift in Sources */ = {isa = PBXBuildFile; fileRef = A356BD312B21EA6B006929B2 /* AnimeRepository.swift */; };
		A356BD342B21EABD006929B2 /* Season.swift in Sources */ = {isa = PBXBuildFile; fileRef = A356BD332B21EABD006929B2 /* Season.swift */; };
		A356BD372B21EB7B006929B2 /* SeasonTests.swift in Sources */ = {isa = PBXBuildFile; fileRef = A356BD362B21EB7B006929B2 /* SeasonTests.swift */; };
		A356BD3B2B21EF64006929B2 /* HTTPService.swift in Sources */ = {isa = PBXBuildFile; fileRef = A356BD3A2B21EF64006929B2 /* HTTPService.swift */; };
		A356BD3D2B21EFDC006929B2 /* APIRequest.swift in Sources */ = {isa = PBXBuildFile; fileRef = A356BD3C2B21EFDC006929B2 /* APIRequest.swift */; };
		A356BD402B21F19C006929B2 /* APIAnimeRepository.swift in Sources */ = {isa = PBXBuildFile; fileRef = A356BD3F2B21F19C006929B2 /* APIAnimeRepository.swift */; };
		A356BD452B21F601006929B2 /* AnimesOfSeason.swift in Sources */ = {isa = PBXBuildFile; fileRef = A356BD442B21F601006929B2 /* AnimesOfSeason.swift */; };
		A356BD472B21F75B006929B2 /* URLComponents+addQueryItem.swift in Sources */ = {isa = PBXBuildFile; fileRef = A356BD462B21F75B006929B2 /* URLComponents+addQueryItem.swift */; };
		A356BD4B2B21F7F3006929B2 /* APIRequestTests.swift in Sources */ = {isa = PBXBuildFile; fileRef = A356BD4A2B21F7F3006929B2 /* APIRequestTests.swift */; };
		A356BD4E2B21FB16006929B2 /* Anime+Decodable.swift in Sources */ = {isa = PBXBuildFile; fileRef = A356BD4D2B21FB16006929B2 /* Anime+Decodable.swift */; };
		A356BD502B21FB97006929B2 /* AnimeDecodingTests.swift in Sources */ = {isa = PBXBuildFile; fileRef = A356BD4F2B21FB97006929B2 /* AnimeDecodingTests.swift */; };
		A356BD542B223065006929B2 /* animes.json in Resources */ = {isa = PBXBuildFile; fileRef = A356BD532B223065006929B2 /* animes.json */; };
		A356BD572B2230B4006929B2 /* ReadJSONFile.swift in Sources */ = {isa = PBXBuildFile; fileRef = A356BD562B2230B4006929B2 /* ReadJSONFile.swift */; };
		A356BD592B2232C3006929B2 /* AnimeListResponse.swift in Sources */ = {isa = PBXBuildFile; fileRef = A356BD582B2232C3006929B2 /* AnimeListResponse.swift */; };
		A356BD5F2B22345E006929B2 /* RootView.swift in Sources */ = {isa = PBXBuildFile; fileRef = A356BD5E2B22345E006929B2 /* RootView.swift */; };
		A356BD622B2234C0006929B2 /* HomeView.swift in Sources */ = {isa = PBXBuildFile; fileRef = A356BD612B2234C0006929B2 /* HomeView.swift */; };
		A356BD642B2235BD006929B2 /* HomeViewModel.swift in Sources */ = {isa = PBXBuildFile; fileRef = A356BD632B2235BD006929B2 /* HomeViewModel.swift */; };
		A356BD662B2235FD006929B2 /* AnimeListItemViewModel.swift in Sources */ = {isa = PBXBuildFile; fileRef = A356BD652B2235FD006929B2 /* AnimeListItemViewModel.swift */; };
		A356BD682B2236A4006929B2 /* AnimeListItemView.swift in Sources */ = {isa = PBXBuildFile; fileRef = A356BD672B2236A4006929B2 /* AnimeListItemView.swift */; };
		A356BD6B2B2236E8006929B2 /* Anime+mock.swift in Sources */ = {isa = PBXBuildFile; fileRef = A356BD6A2B2236E8006929B2 /* Anime+mock.swift */; };
		A356BD6E2B225800006929B2 /* ImageRepository.swift in Sources */ = {isa = PBXBuildFile; fileRef = A356BD6D2B225800006929B2 /* ImageRepository.swift */; };
		A356BD702B225850006929B2 /* RemoteImageRepository.swift in Sources */ = {isa = PBXBuildFile; fileRef = A356BD6F2B225850006929B2 /* RemoteImageRepository.swift */; };
		A356BD722B225E1D006929B2 /* LocalImageRepository.swift in Sources */ = {isa = PBXBuildFile; fileRef = A356BD712B225E1D006929B2 /* LocalImageRepository.swift */; };
		A356BD742B2262D2006929B2 /* CachedImageRepository.swift in Sources */ = {isa = PBXBuildFile; fileRef = A356BD732B2262D2006929B2 /* CachedImageRepository.swift */; };
		A356BD792B233B9F006929B2 /* HomeViewModelTests.swift in Sources */ = {isa = PBXBuildFile; fileRef = A356BD782B233B9F006929B2 /* HomeViewModelTests.swift */; };
		A356BD7D2B234CEA006929B2 /* AnimeDetailsView.swift in Sources */ = {isa = PBXBuildFile; fileRef = A356BD7C2B234CEA006929B2 /* AnimeDetailsView.swift */; };
		A356BD7F2B235096006929B2 /* AnimeDetailsViewModel.swift in Sources */ = {isa = PBXBuildFile; fileRef = A356BD7E2B235096006929B2 /* AnimeDetailsViewModel.swift */; };
		A36C92CC2B24D53200A93167 /* MyListViewModelTests.swift in Sources */ = {isa = PBXBuildFile; fileRef = A36C92CB2B24D53200A93167 /* MyListViewModelTests.swift */; };
		A36C92CF2B24DACB00A93167 /* AnimeDetailsViewModelTests.swift in Sources */ = {isa = PBXBuildFile; fileRef = A36C92CE2B24DACB00A93167 /* AnimeDetailsViewModelTests.swift */; };
		A3C0DAD42B2399B8000CD978 /* MyListRepository.swift in Sources */ = {isa = PBXBuildFile; fileRef = A3C0DAD32B2399B8000CD978 /* MyListRepository.swift */; };
		A3C0DAD72B239AEC000CD978 /* CoreDataMyListRepository.swift in Sources */ = {isa = PBXBuildFile; fileRef = A3C0DAD62B239AEC000CD978 /* CoreDataMyListRepository.swift */; };
/* End PBXBuildFile section */

/* Begin PBXContainerItemProxy section */
		A356BD0C2B21E6ED006929B2 /* PBXContainerItemProxy */ = {
			isa = PBXContainerItemProxy;
			containerPortal = A356BCF32B21E6EB006929B2 /* Project object */;
			proxyType = 1;
			remoteGlobalIDString = A356BCFA2B21E6EB006929B2;
			remoteInfo = KleverChallenge;
		};
		A356BD162B21E6ED006929B2 /* PBXContainerItemProxy */ = {
			isa = PBXContainerItemProxy;
			containerPortal = A356BCF32B21E6EB006929B2 /* Project object */;
			proxyType = 1;
			remoteGlobalIDString = A356BCFA2B21E6EB006929B2;
			remoteInfo = KleverChallenge;
		};
/* End PBXContainerItemProxy section */

/* Begin PBXFileReference section */
		A32BA22D2B23A477003F1F06 /* CoreDataAnime+CoreDataClass.swift */ = {isa = PBXFileReference; lastKnownFileType = sourcecode.swift; path = "CoreDataAnime+CoreDataClass.swift"; sourceTree = "<group>"; };
		A32BA22E2B23A477003F1F06 /* CoreDataAnime+CoreDataProperties.swift */ = {isa = PBXFileReference; lastKnownFileType = sourcecode.swift; path = "CoreDataAnime+CoreDataProperties.swift"; sourceTree = "<group>"; };
		A32BA2322B23A4AD003F1F06 /* CoreDataManager.swift */ = {isa = PBXFileReference; lastKnownFileType = sourcecode.swift; path = CoreDataManager.swift; sourceTree = "<group>"; };
		A32BA2352B23AD46003F1F06 /* MyListView.swift */ = {isa = PBXFileReference; lastKnownFileType = sourcecode.swift; path = MyListView.swift; sourceTree = "<group>"; };
		A32BA2372B23AD8F003F1F06 /* MyListViewModel.swift */ = {isa = PBXFileReference; lastKnownFileType = sourcecode.swift; path = MyListViewModel.swift; sourceTree = "<group>"; };
		A33BAF902B2A32EF009AAB12 /* URLSessionHTTPService.swift */ = {isa = PBXFileReference; lastKnownFileType = sourcecode.swift; path = URLSessionHTTPService.swift; sourceTree = "<group>"; };
		A33BAF922B2A33C6009AAB12 /* LoggingURLSessionHTTPService.swift */ = {isa = PBXFileReference; lastKnownFileType = sourcecode.swift; path = LoggingURLSessionHTTPService.swift; sourceTree = "<group>"; };
		A356BCFB2B21E6EB006929B2 /* KleverChallenge.app */ = {isa = PBXFileReference; explicitFileType = wrapper.application; includeInIndex = 0; path = KleverChallenge.app; sourceTree = BUILT_PRODUCTS_DIR; };
		A356BCFE2B21E6EB006929B2 /* KleverChallengeApp.swift */ = {isa = PBXFileReference; lastKnownFileType = sourcecode.swift; path = KleverChallengeApp.swift; sourceTree = "<group>"; };
		A356BD002B21E6EB006929B2 /* ContentView.swift */ = {isa = PBXFileReference; lastKnownFileType = sourcecode.swift; path = ContentView.swift; sourceTree = "<group>"; };
		A356BD022B21E6ED006929B2 /* Assets.xcassets */ = {isa = PBXFileReference; lastKnownFileType = folder.assetcatalog; path = Assets.xcassets; sourceTree = "<group>"; };
		A356BD052B21E6ED006929B2 /* Preview Assets.xcassets */ = {isa = PBXFileReference; lastKnownFileType = folder.assetcatalog; path = "Preview Assets.xcassets"; sourceTree = "<group>"; };
		A356BD0B2B21E6ED006929B2 /* KleverChallengeTests.xctest */ = {isa = PBXFileReference; explicitFileType = wrapper.cfbundle; includeInIndex = 0; path = KleverChallengeTests.xctest; sourceTree = BUILT_PRODUCTS_DIR; };
		A356BD0F2B21E6ED006929B2 /* KleverChallengeTests.swift */ = {isa = PBXFileReference; lastKnownFileType = sourcecode.swift; path = KleverChallengeTests.swift; sourceTree = "<group>"; };
		A356BD152B21E6ED006929B2 /* KleverChallengeUITests.xctest */ = {isa = PBXFileReference; explicitFileType = wrapper.cfbundle; includeInIndex = 0; path = KleverChallengeUITests.xctest; sourceTree = BUILT_PRODUCTS_DIR; };
		A356BD192B21E6ED006929B2 /* KleverChallengeUITests.swift */ = {isa = PBXFileReference; lastKnownFileType = sourcecode.swift; path = KleverChallengeUITests.swift; sourceTree = "<group>"; };
		A356BD1B2B21E6ED006929B2 /* KleverChallengeUITestsLaunchTests.swift */ = {isa = PBXFileReference; lastKnownFileType = sourcecode.swift; path = KleverChallengeUITestsLaunchTests.swift; sourceTree = "<group>"; };
		A356BD292B21E754006929B2 /* Database.xcdatamodel */ = {isa = PBXFileReference; lastKnownFileType = wrapper.xcdatamodel; path = Database.xcdatamodel; sourceTree = "<group>"; };
		A356BD2F2B21E976006929B2 /* Anime.swift */ = {isa = PBXFileReference; lastKnownFileType = sourcecode.swift; path = Anime.swift; sourceTree = "<group>"; };
		A356BD312B21EA6B006929B2 /* AnimeRepository.swift */ = {isa = PBXFileReference; lastKnownFileType = sourcecode.swift; path = AnimeRepository.swift; sourceTree = "<group>"; };
		A356BD332B21EABD006929B2 /* Season.swift */ = {isa = PBXFileReference; lastKnownFileType = sourcecode.swift; path = Season.swift; sourceTree = "<group>"; };
		A356BD362B21EB7B006929B2 /* SeasonTests.swift */ = {isa = PBXFileReference; lastKnownFileType = sourcecode.swift; path = SeasonTests.swift; sourceTree = "<group>"; };
		A356BD3A2B21EF64006929B2 /* HTTPService.swift */ = {isa = PBXFileReference; lastKnownFileType = sourcecode.swift; path = HTTPService.swift; sourceTree = "<group>"; };
		A356BD3C2B21EFDC006929B2 /* APIRequest.swift */ = {isa = PBXFileReference; lastKnownFileType = sourcecode.swift; path = APIRequest.swift; sourceTree = "<group>"; };
		A356BD3F2B21F19C006929B2 /* APIAnimeRepository.swift */ = {isa = PBXFileReference; lastKnownFileType = sourcecode.swift; path = APIAnimeRepository.swift; sourceTree = "<group>"; };
		A356BD442B21F601006929B2 /* AnimesOfSeason.swift */ = {isa = PBXFileReference; lastKnownFileType = sourcecode.swift; path = AnimesOfSeason.swift; sourceTree = "<group>"; };
		A356BD462B21F75B006929B2 /* URLComponents+addQueryItem.swift */ = {isa = PBXFileReference; lastKnownFileType = sourcecode.swift; path = "URLComponents+addQueryItem.swift"; sourceTree = "<group>"; };
		A356BD4A2B21F7F3006929B2 /* APIRequestTests.swift */ = {isa = PBXFileReference; lastKnownFileType = sourcecode.swift; path = APIRequestTests.swift; sourceTree = "<group>"; };
		A356BD4D2B21FB16006929B2 /* Anime+Decodable.swift */ = {isa = PBXFileReference; lastKnownFileType = sourcecode.swift; path = "Anime+Decodable.swift"; sourceTree = "<group>"; };
		A356BD4F2B21FB97006929B2 /* AnimeDecodingTests.swift */ = {isa = PBXFileReference; lastKnownFileType = sourcecode.swift; path = AnimeDecodingTests.swift; sourceTree = "<group>"; };
		A356BD532B223065006929B2 /* animes.json */ = {isa = PBXFileReference; fileEncoding = 4; lastKnownFileType = text.json; path = animes.json; sourceTree = "<group>"; };
		A356BD562B2230B4006929B2 /* ReadJSONFile.swift */ = {isa = PBXFileReference; lastKnownFileType = sourcecode.swift; path = ReadJSONFile.swift; sourceTree = "<group>"; };
		A356BD582B2232C3006929B2 /* AnimeListResponse.swift */ = {isa = PBXFileReference; lastKnownFileType = sourcecode.swift; path = AnimeListResponse.swift; sourceTree = "<group>"; };
		A356BD5E2B22345E006929B2 /* RootView.swift */ = {isa = PBXFileReference; lastKnownFileType = sourcecode.swift; path = RootView.swift; sourceTree = "<group>"; };
		A356BD612B2234C0006929B2 /* HomeView.swift */ = {isa = PBXFileReference; lastKnownFileType = sourcecode.swift; path = HomeView.swift; sourceTree = "<group>"; };
		A356BD632B2235BD006929B2 /* HomeViewModel.swift */ = {isa = PBXFileReference; lastKnownFileType = sourcecode.swift; path = HomeViewModel.swift; sourceTree = "<group>"; };
		A356BD652B2235FD006929B2 /* AnimeListItemViewModel.swift */ = {isa = PBXFileReference; lastKnownFileType = sourcecode.swift; path = AnimeListItemViewModel.swift; sourceTree = "<group>"; };
		A356BD672B2236A4006929B2 /* AnimeListItemView.swift */ = {isa = PBXFileReference; lastKnownFileType = sourcecode.swift; path = AnimeListItemView.swift; sourceTree = "<group>"; };
		A356BD6A2B2236E8006929B2 /* Anime+mock.swift */ = {isa = PBXFileReference; lastKnownFileType = sourcecode.swift; path = "Anime+mock.swift"; sourceTree = "<group>"; };
		A356BD6D2B225800006929B2 /* ImageRepository.swift */ = {isa = PBXFileReference; lastKnownFileType = sourcecode.swift; path = ImageRepository.swift; sourceTree = "<group>"; };
		A356BD6F2B225850006929B2 /* RemoteImageRepository.swift */ = {isa = PBXFileReference; lastKnownFileType = sourcecode.swift; path = RemoteImageRepository.swift; sourceTree = "<group>"; };
		A356BD712B225E1D006929B2 /* LocalImageRepository.swift */ = {isa = PBXFileReference; lastKnownFileType = sourcecode.swift; path = LocalImageRepository.swift; sourceTree = "<group>"; };
		A356BD732B2262D2006929B2 /* CachedImageRepository.swift */ = {isa = PBXFileReference; lastKnownFileType = sourcecode.swift; path = CachedImageRepository.swift; sourceTree = "<group>"; };
		A356BD782B233B9F006929B2 /* HomeViewModelTests.swift */ = {isa = PBXFileReference; lastKnownFileType = sourcecode.swift; path = HomeViewModelTests.swift; sourceTree = "<group>"; };
		A356BD7C2B234CEA006929B2 /* AnimeDetailsView.swift */ = {isa = PBXFileReference; lastKnownFileType = sourcecode.swift; path = AnimeDetailsView.swift; sourceTree = "<group>"; };
		A356BD7E2B235096006929B2 /* AnimeDetailsViewModel.swift */ = {isa = PBXFileReference; lastKnownFileType = sourcecode.swift; path = AnimeDetailsViewModel.swift; sourceTree = "<group>"; };
		A36C92CB2B24D53200A93167 /* MyListViewModelTests.swift */ = {isa = PBXFileReference; lastKnownFileType = sourcecode.swift; path = MyListViewModelTests.swift; sourceTree = "<group>"; };
		A36C92CE2B24DACB00A93167 /* AnimeDetailsViewModelTests.swift */ = {isa = PBXFileReference; lastKnownFileType = sourcecode.swift; path = AnimeDetailsViewModelTests.swift; sourceTree = "<group>"; };
		A3C0DAD32B2399B8000CD978 /* MyListRepository.swift */ = {isa = PBXFileReference; lastKnownFileType = sourcecode.swift; path = MyListRepository.swift; sourceTree = "<group>"; };
		A3C0DAD62B239AEC000CD978 /* CoreDataMyListRepository.swift */ = {isa = PBXFileReference; lastKnownFileType = sourcecode.swift; path = CoreDataMyListRepository.swift; sourceTree = "<group>"; };
/* End PBXFileReference section */

/* Begin PBXFrameworksBuildPhase section */
		A356BCF82B21E6EB006929B2 /* Frameworks */ = {
			isa = PBXFrameworksBuildPhase;
			buildActionMask = 2147483647;
			files = (
			);
			runOnlyForDeploymentPostprocessing = 0;
		};
		A356BD082B21E6ED006929B2 /* Frameworks */ = {
			isa = PBXFrameworksBuildPhase;
			buildActionMask = 2147483647;
			files = (
			);
			runOnlyForDeploymentPostprocessing = 0;
		};
		A356BD122B21E6ED006929B2 /* Frameworks */ = {
			isa = PBXFrameworksBuildPhase;
			buildActionMask = 2147483647;
			files = (
			);
			runOnlyForDeploymentPostprocessing = 0;
		};
/* End PBXFrameworksBuildPhase section */

/* Begin PBXGroup section */
		A32BA2312B23A4A2003F1F06 /* CoreData */ = {
			isa = PBXGroup;
			children = (
				A32BA2322B23A4AD003F1F06 /* CoreDataManager.swift */,
			);
			path = CoreData;
			sourceTree = "<group>";
		};
		A32BA2342B23AD35003F1F06 /* MyList */ = {
			isa = PBXGroup;
			children = (
				A32BA2352B23AD46003F1F06 /* MyListView.swift */,
				A32BA2372B23AD8F003F1F06 /* MyListViewModel.swift */,
			);
			path = MyList;
			sourceTree = "<group>";
		};
		A33BAF942B2A33CB009AAB12 /* Service */ = {
			isa = PBXGroup;
			children = (
				A33BAF902B2A32EF009AAB12 /* URLSessionHTTPService.swift */,
				A33BAF922B2A33C6009AAB12 /* LoggingURLSessionHTTPService.swift */,
			);
			path = Service;
			sourceTree = "<group>";
		};
		A356BCF22B21E6EB006929B2 = {
			isa = PBXGroup;
			children = (
				A356BCFD2B21E6EB006929B2 /* KleverChallenge */,
				A356BD0E2B21E6ED006929B2 /* KleverChallengeTests */,
				A356BD182B21E6ED006929B2 /* KleverChallengeUITests */,
				A356BCFC2B21E6EB006929B2 /* Products */,
			);
			sourceTree = "<group>";
		};
		A356BCFC2B21E6EB006929B2 /* Products */ = {
			isa = PBXGroup;
			children = (
				A356BCFB2B21E6EB006929B2 /* KleverChallenge.app */,
				A356BD0B2B21E6ED006929B2 /* KleverChallengeTests.xctest */,
				A356BD152B21E6ED006929B2 /* KleverChallengeUITests.xctest */,
			);
			name = Products;
			sourceTree = "<group>";
		};
		A356BCFD2B21E6EB006929B2 /* KleverChallenge */ = {
			isa = PBXGroup;
			children = (
				A356BD5A2B223402006929B2 /* Application */,
				A356BD382B21EF41006929B2 /* Infrastructure */,
				A356BD2B2B21E8C4006929B2 /* Domain */,
				A356BCFE2B21E6EB006929B2 /* KleverChallengeApp.swift */,
				A356BD002B21E6EB006929B2 /* ContentView.swift */,
				A356BD022B21E6ED006929B2 /* Assets.xcassets */,
				A356BD282B21E754006929B2 /* KleverChallengeDataModel.xcdatamodeld */,
				A356BD042B21E6ED006929B2 /* Preview Content */,
			);
			path = KleverChallenge;
			sourceTree = "<group>";
		};
		A356BD042B21E6ED006929B2 /* Preview Content */ = {
			isa = PBXGroup;
			children = (
				A356BD052B21E6ED006929B2 /* Preview Assets.xcassets */,
			);
			path = "Preview Content";
			sourceTree = "<group>";
		};
		A356BD0E2B21E6ED006929B2 /* KleverChallengeTests */ = {
			isa = PBXGroup;
			children = (
				A356BD752B233B78006929B2 /* Application */,
				A356BD482B21F7D1006929B2 /* Infrastructure */,
				A356BD352B21EB62006929B2 /* Domain */,
				A356BD0F2B21E6ED006929B2 /* KleverChallengeTests.swift */,
			);
			path = KleverChallengeTests;
			sourceTree = "<group>";
		};
		A356BD182B21E6ED006929B2 /* KleverChallengeUITests */ = {
			isa = PBXGroup;
			children = (
				A356BD192B21E6ED006929B2 /* KleverChallengeUITests.swift */,
				A356BD1B2B21E6ED006929B2 /* KleverChallengeUITestsLaunchTests.swift */,
			);
			path = KleverChallengeUITests;
			sourceTree = "<group>";
		};
		A356BD2B2B21E8C4006929B2 /* Domain */ = {
			isa = PBXGroup;
			children = (
				A356BD2E2B21E8DD006929B2 /* Repository */,
				A356BD2D2B21E8D2006929B2 /* Model */,
			);
			path = Domain;
			sourceTree = "<group>";
		};
		A356BD2D2B21E8D2006929B2 /* Model */ = {
			isa = PBXGroup;
			children = (
				A356BD2F2B21E976006929B2 /* Anime.swift */,
				A356BD332B21EABD006929B2 /* Season.swift */,
			);
			path = Model;
			sourceTree = "<group>";
		};
		A356BD2E2B21E8DD006929B2 /* Repository */ = {
			isa = PBXGroup;
			children = (
				A356BD312B21EA6B006929B2 /* AnimeRepository.swift */,
				A3C0DAD32B2399B8000CD978 /* MyListRepository.swift */,
			);
			path = Repository;
			sourceTree = "<group>";
		};
		A356BD352B21EB62006929B2 /* Domain */ = {
			isa = PBXGroup;
			children = (
				A356BD362B21EB7B006929B2 /* SeasonTests.swift */,
			);
			path = Domain;
			sourceTree = "<group>";
		};
		A356BD382B21EF41006929B2 /* Infrastructure */ = {
			isa = PBXGroup;
			children = (
				A32BA2312B23A4A2003F1F06 /* CoreData */,
				A356BD3E2B21F189006929B2 /* Repository */,
				A356BD392B21EF4F006929B2 /* HTTP */,
			);
			path = Infrastructure;
			sourceTree = "<group>";
		};
		A356BD392B21EF4F006929B2 /* HTTP */ = {
			isa = PBXGroup;
			children = (
				A33BAF942B2A33CB009AAB12 /* Service */,
				A356BD4C2B21FB01006929B2 /* Model */,
				A356BD432B21F59B006929B2 /* Endpoint */,
				A356BD3A2B21EF64006929B2 /* HTTPService.swift */,
				A356BD3C2B21EFDC006929B2 /* APIRequest.swift */,
				A356BD462B21F75B006929B2 /* URLComponents+addQueryItem.swift */,
			);
			path = HTTP;
			sourceTree = "<group>";
		};
		A356BD3E2B21F189006929B2 /* Repository */ = {
			isa = PBXGroup;
			children = (
				A3C0DAD52B239AC4000CD978 /* MyListRepository */,
				A356BD6C2B2257EA006929B2 /* ImageRepository */,
				A356BD3F2B21F19C006929B2 /* APIAnimeRepository.swift */,
			);
			path = Repository;
			sourceTree = "<group>";
		};
		A356BD432B21F59B006929B2 /* Endpoint */ = {
			isa = PBXGroup;
			children = (
				A356BD442B21F601006929B2 /* AnimesOfSeason.swift */,
			);
			path = Endpoint;
			sourceTree = "<group>";
		};
		A356BD482B21F7D1006929B2 /* Infrastructure */ = {
			isa = PBXGroup;
			children = (
				A356BD492B21F7DD006929B2 /* API */,
			);
			path = Infrastructure;
			sourceTree = "<group>";
		};
		A356BD492B21F7DD006929B2 /* API */ = {
			isa = PBXGroup;
			children = (
				A356BD552B22309A006929B2 /* Utils */,
				A356BD522B223036006929B2 /* MockData */,
				A356BD4A2B21F7F3006929B2 /* APIRequestTests.swift */,
				A356BD4F2B21FB97006929B2 /* AnimeDecodingTests.swift */,
			);
			path = API;
			sourceTree = "<group>";
		};
		A356BD4C2B21FB01006929B2 /* Model */ = {
			isa = PBXGroup;
			children = (
				A356BD4D2B21FB16006929B2 /* Anime+Decodable.swift */,
				A356BD582B2232C3006929B2 /* AnimeListResponse.swift */,
			);
			path = Model;
			sourceTree = "<group>";
		};
		A356BD522B223036006929B2 /* MockData */ = {
			isa = PBXGroup;
			children = (
				A356BD532B223065006929B2 /* animes.json */,
			);
			path = MockData;
			sourceTree = "<group>";
		};
		A356BD552B22309A006929B2 /* Utils */ = {
			isa = PBXGroup;
			children = (
				A356BD562B2230B4006929B2 /* ReadJSONFile.swift */,
			);
			path = Utils;
			sourceTree = "<group>";
		};
		A356BD5A2B223402006929B2 /* Application */ = {
			isa = PBXGroup;
			children = (
				A356BD692B2236DE006929B2 /* Utils */,
				A356BD5C2B223419006929B2 /* Components */,
				A356BD5B2B22340D006929B2 /* Scenes */,
			);
			path = Application;
			sourceTree = "<group>";
		};
		A356BD5B2B22340D006929B2 /* Scenes */ = {
			isa = PBXGroup;
			children = (
				A32BA2342B23AD35003F1F06 /* MyList */,
				A356BD7B2B234CD5006929B2 /* AnimeDetails */,
				A356BD602B2234A8006929B2 /* Home */,
				A356BD5D2B22342C006929B2 /* Root */,
			);
			path = Scenes;
			sourceTree = "<group>";
		};
		A356BD5C2B223419006929B2 /* Components */ = {
			isa = PBXGroup;
			children = (
				A356BD7A2B234CB4006929B2 /* AnimeListItem */,
			);
			path = Components;
			sourceTree = "<group>";
		};
		A356BD5D2B22342C006929B2 /* Root */ = {
			isa = PBXGroup;
			children = (
				A356BD5E2B22345E006929B2 /* RootView.swift */,
			);
			path = Root;
			sourceTree = "<group>";
		};
		A356BD602B2234A8006929B2 /* Home */ = {
			isa = PBXGroup;
			children = (
				A356BD612B2234C0006929B2 /* HomeView.swift */,
				A356BD632B2235BD006929B2 /* HomeViewModel.swift */,
			);
			path = Home;
			sourceTree = "<group>";
		};
		A356BD692B2236DE006929B2 /* Utils */ = {
			isa = PBXGroup;
			children = (
				A356BD6A2B2236E8006929B2 /* Anime+mock.swift */,
			);
			path = Utils;
			sourceTree = "<group>";
		};
		A356BD6C2B2257EA006929B2 /* ImageRepository */ = {
			isa = PBXGroup;
			children = (
				A356BD6D2B225800006929B2 /* ImageRepository.swift */,
				A356BD6F2B225850006929B2 /* RemoteImageRepository.swift */,
				A356BD712B225E1D006929B2 /* LocalImageRepository.swift */,
				A356BD732B2262D2006929B2 /* CachedImageRepository.swift */,
			);
			path = ImageRepository;
			sourceTree = "<group>";
		};
		A356BD752B233B78006929B2 /* Application */ = {
			isa = PBXGroup;
			children = (
				A356BD762B233B7D006929B2 /* Scenes */,
			);
			path = Application;
			sourceTree = "<group>";
		};
		A356BD762B233B7D006929B2 /* Scenes */ = {
			isa = PBXGroup;
			children = (
				A36C92CD2B24DA6B00A93167 /* AnimeDetails */,
				A36C92CA2B24D50B00A93167 /* MyList */,
				A356BD772B233B89006929B2 /* Home */,
			);
			path = Scenes;
			sourceTree = "<group>";
		};
		A356BD772B233B89006929B2 /* Home */ = {
			isa = PBXGroup;
			children = (
				A356BD782B233B9F006929B2 /* HomeViewModelTests.swift */,
			);
			path = Home;
			sourceTree = "<group>";
		};
		A356BD7A2B234CB4006929B2 /* AnimeListItem */ = {
			isa = PBXGroup;
			children = (
				A356BD652B2235FD006929B2 /* AnimeListItemViewModel.swift */,
				A356BD672B2236A4006929B2 /* AnimeListItemView.swift */,
			);
			path = AnimeListItem;
			sourceTree = "<group>";
		};
		A356BD7B2B234CD5006929B2 /* AnimeDetails */ = {
			isa = PBXGroup;
			children = (
				A356BD7C2B234CEA006929B2 /* AnimeDetailsView.swift */,
				A356BD7E2B235096006929B2 /* AnimeDetailsViewModel.swift */,
			);
			path = AnimeDetails;
			sourceTree = "<group>";
		};
		A36C92CA2B24D50B00A93167 /* MyList */ = {
			isa = PBXGroup;
			children = (
				A36C92CB2B24D53200A93167 /* MyListViewModelTests.swift */,
			);
			path = MyList;
			sourceTree = "<group>";
		};
		A36C92CD2B24DA6B00A93167 /* AnimeDetails */ = {
			isa = PBXGroup;
			children = (
				A36C92CE2B24DACB00A93167 /* AnimeDetailsViewModelTests.swift */,
			);
			path = AnimeDetails;
			sourceTree = "<group>";
		};
		A3828E982B23A22F003C637A /* Model */ = {
			isa = PBXGroup;
			children = (
				A32BA22D2B23A477003F1F06 /* CoreDataAnime+CoreDataClass.swift */,
				A32BA22E2B23A477003F1F06 /* CoreDataAnime+CoreDataProperties.swift */,
			);
			path = Model;
			sourceTree = "<group>";
		};
		A3C0DAD52B239AC4000CD978 /* MyListRepository */ = {
			isa = PBXGroup;
			children = (
				A3828E982B23A22F003C637A /* Model */,
				A3C0DAD62B239AEC000CD978 /* CoreDataMyListRepository.swift */,
			);
			path = MyListRepository;
			sourceTree = "<group>";
		};
/* End PBXGroup section */

/* Begin PBXNativeTarget section */
		A356BCFA2B21E6EB006929B2 /* KleverChallenge */ = {
			isa = PBXNativeTarget;
			buildConfigurationList = A356BD1F2B21E6ED006929B2 /* Build configuration list for PBXNativeTarget "KleverChallenge" */;
			buildPhases = (
				A356BCF72B21E6EB006929B2 /* Sources */,
				A356BCF82B21E6EB006929B2 /* Frameworks */,
				A356BCF92B21E6EB006929B2 /* Resources */,
			);
			buildRules = (
			);
			dependencies = (
			);
			name = KleverChallenge;
			productName = KleverChallenge;
			productReference = A356BCFB2B21E6EB006929B2 /* KleverChallenge.app */;
			productType = "com.apple.product-type.application";
		};
		A356BD0A2B21E6ED006929B2 /* KleverChallengeTests */ = {
			isa = PBXNativeTarget;
			buildConfigurationList = A356BD222B21E6ED006929B2 /* Build configuration list for PBXNativeTarget "KleverChallengeTests" */;
			buildPhases = (
				A356BD072B21E6ED006929B2 /* Sources */,
				A356BD082B21E6ED006929B2 /* Frameworks */,
				A356BD092B21E6ED006929B2 /* Resources */,
			);
			buildRules = (
			);
			dependencies = (
				A356BD0D2B21E6ED006929B2 /* PBXTargetDependency */,
			);
			name = KleverChallengeTests;
			productName = KleverChallengeTests;
			productReference = A356BD0B2B21E6ED006929B2 /* KleverChallengeTests.xctest */;
			productType = "com.apple.product-type.bundle.unit-test";
		};
		A356BD142B21E6ED006929B2 /* KleverChallengeUITests */ = {
			isa = PBXNativeTarget;
			buildConfigurationList = A356BD252B21E6ED006929B2 /* Build configuration list for PBXNativeTarget "KleverChallengeUITests" */;
			buildPhases = (
				A356BD112B21E6ED006929B2 /* Sources */,
				A356BD122B21E6ED006929B2 /* Frameworks */,
				A356BD132B21E6ED006929B2 /* Resources */,
			);
			buildRules = (
			);
			dependencies = (
				A356BD172B21E6ED006929B2 /* PBXTargetDependency */,
			);
			name = KleverChallengeUITests;
			productName = KleverChallengeUITests;
			productReference = A356BD152B21E6ED006929B2 /* KleverChallengeUITests.xctest */;
			productType = "com.apple.product-type.bundle.ui-testing";
		};
/* End PBXNativeTarget section */

/* Begin PBXProject section */
		A356BCF32B21E6EB006929B2 /* Project object */ = {
			isa = PBXProject;
			attributes = {
				BuildIndependentTargetsInParallel = 1;
				LastSwiftUpdateCheck = 1420;
				LastUpgradeCheck = 1420;
				TargetAttributes = {
					A356BCFA2B21E6EB006929B2 = {
						CreatedOnToolsVersion = 14.2;
					};
					A356BD0A2B21E6ED006929B2 = {
						CreatedOnToolsVersion = 14.2;
						TestTargetID = A356BCFA2B21E6EB006929B2;
					};
					A356BD142B21E6ED006929B2 = {
						CreatedOnToolsVersion = 14.2;
						TestTargetID = A356BCFA2B21E6EB006929B2;
					};
				};
			};
			buildConfigurationList = A356BCF62B21E6EB006929B2 /* Build configuration list for PBXProject "KleverChallenge" */;
			compatibilityVersion = "Xcode 14.0";
			developmentRegion = en;
			hasScannedForEncodings = 0;
			knownRegions = (
				en,
				Base,
			);
			mainGroup = A356BCF22B21E6EB006929B2;
			productRefGroup = A356BCFC2B21E6EB006929B2 /* Products */;
			projectDirPath = "";
			projectRoot = "";
			targets = (
				A356BCFA2B21E6EB006929B2 /* KleverChallenge */,
				A356BD0A2B21E6ED006929B2 /* KleverChallengeTests */,
				A356BD142B21E6ED006929B2 /* KleverChallengeUITests */,
			);
		};
/* End PBXProject section */

/* Begin PBXResourcesBuildPhase section */
		A356BCF92B21E6EB006929B2 /* Resources */ = {
			isa = PBXResourcesBuildPhase;
			buildActionMask = 2147483647;
			files = (
				A356BD062B21E6ED006929B2 /* Preview Assets.xcassets in Resources */,
				A356BD032B21E6ED006929B2 /* Assets.xcassets in Resources */,
			);
			runOnlyForDeploymentPostprocessing = 0;
		};
		A356BD092B21E6ED006929B2 /* Resources */ = {
			isa = PBXResourcesBuildPhase;
			buildActionMask = 2147483647;
			files = (
				A356BD542B223065006929B2 /* animes.json in Resources */,
			);
			runOnlyForDeploymentPostprocessing = 0;
		};
		A356BD132B21E6ED006929B2 /* Resources */ = {
			isa = PBXResourcesBuildPhase;
			buildActionMask = 2147483647;
			files = (
			);
			runOnlyForDeploymentPostprocessing = 0;
		};
/* End PBXResourcesBuildPhase section */

/* Begin PBXSourcesBuildPhase section */
		A356BCF72B21E6EB006929B2 /* Sources */ = {
			isa = PBXSourcesBuildPhase;
			buildActionMask = 2147483647;
			files = (
				A356BD4E2B21FB16006929B2 /* Anime+Decodable.swift in Sources */,
				A356BD742B2262D2006929B2 /* CachedImageRepository.swift in Sources */,
				A356BD452B21F601006929B2 /* AnimesOfSeason.swift in Sources */,
				A356BD302B21E976006929B2 /* Anime.swift in Sources */,
				A356BD7D2B234CEA006929B2 /* AnimeDetailsView.swift in Sources */,
				A33BAF912B2A32EF009AAB12 /* URLSessionHTTPService.swift in Sources */,
				A356BD702B225850006929B2 /* RemoteImageRepository.swift in Sources */,
				A356BD642B2235BD006929B2 /* HomeViewModel.swift in Sources */,
				A3C0DAD42B2399B8000CD978 /* MyListRepository.swift in Sources */,
				A356BD622B2234C0006929B2 /* HomeView.swift in Sources */,
				A356BD6B2B2236E8006929B2 /* Anime+mock.swift in Sources */,
				A356BD592B2232C3006929B2 /* AnimeListResponse.swift in Sources */,
				A356BD6E2B225800006929B2 /* ImageRepository.swift in Sources */,
				A32BA2362B23AD46003F1F06 /* MyListView.swift in Sources */,
				A356BD5F2B22345E006929B2 /* RootView.swift in Sources */,
				A356BD7F2B235096006929B2 /* AnimeDetailsViewModel.swift in Sources */,
				A356BD3B2B21EF64006929B2 /* HTTPService.swift in Sources */,
				A356BD722B225E1D006929B2 /* LocalImageRepository.swift in Sources */,
				A3C0DAD72B239AEC000CD978 /* CoreDataMyListRepository.swift in Sources */,
				A356BD662B2235FD006929B2 /* AnimeListItemViewModel.swift in Sources */,
				A32BA2332B23A4AD003F1F06 /* CoreDataManager.swift in Sources */,
				A356BD3D2B21EFDC006929B2 /* APIRequest.swift in Sources */,
				A32BA2302B23A477003F1F06 /* CoreDataAnime+CoreDataProperties.swift in Sources */,
				A32BA22F2B23A477003F1F06 /* CoreDataAnime+CoreDataClass.swift in Sources */,
				A356BD472B21F75B006929B2 /* URLComponents+addQueryItem.swift in Sources */,
				A356BD012B21E6EB006929B2 /* ContentView.swift in Sources */,
				A33BAF932B2A33C6009AAB12 /* LoggingURLSessionHTTPService.swift in Sources */,
				A356BD322B21EA6B006929B2 /* AnimeRepository.swift in Sources */,
				A356BD2A2B21E754006929B2 /* KleverChallengeDataModel.xcdatamodeld in Sources */,
				A356BD342B21EABD006929B2 /* Season.swift in Sources */,
				A356BCFF2B21E6EB006929B2 /* KleverChallengeApp.swift in Sources */,
				A356BD682B2236A4006929B2 /* AnimeListItemView.swift in Sources */,
				A32BA2382B23AD8F003F1F06 /* MyListViewModel.swift in Sources */,
				A356BD402B21F19C006929B2 /* APIAnimeRepository.swift in Sources */,
			);
			runOnlyForDeploymentPostprocessing = 0;
		};
		A356BD072B21E6ED006929B2 /* Sources */ = {
			isa = PBXSourcesBuildPhase;
			buildActionMask = 2147483647;
			files = (
				A356BD372B21EB7B006929B2 /* SeasonTests.swift in Sources */,
				A356BD502B21FB97006929B2 /* AnimeDecodingTests.swift in Sources */,
				A356BD4B2B21F7F3006929B2 /* APIRequestTests.swift in Sources */,
				A356BD102B21E6ED006929B2 /* KleverChallengeTests.swift in Sources */,
				A36C92CF2B24DACB00A93167 /* AnimeDetailsViewModelTests.swift in Sources */,
				A356BD572B2230B4006929B2 /* ReadJSONFile.swift in Sources */,
				A356BD792B233B9F006929B2 /* HomeViewModelTests.swift in Sources */,
				A36C92CC2B24D53200A93167 /* MyListViewModelTests.swift in Sources */,
			);
			runOnlyForDeploymentPostprocessing = 0;
		};
		A356BD112B21E6ED006929B2 /* Sources */ = {
			isa = PBXSourcesBuildPhase;
			buildActionMask = 2147483647;
			files = (
				A356BD1A2B21E6ED006929B2 /* KleverChallengeUITests.swift in Sources */,
				A356BD1C2B21E6ED006929B2 /* KleverChallengeUITestsLaunchTests.swift in Sources */,
			);
			runOnlyForDeploymentPostprocessing = 0;
		};
/* End PBXSourcesBuildPhase section */

/* Begin PBXTargetDependency section */
		A356BD0D2B21E6ED006929B2 /* PBXTargetDependency */ = {
			isa = PBXTargetDependency;
			target = A356BCFA2B21E6EB006929B2 /* KleverChallenge */;
			targetProxy = A356BD0C2B21E6ED006929B2 /* PBXContainerItemProxy */;
		};
		A356BD172B21E6ED006929B2 /* PBXTargetDependency */ = {
			isa = PBXTargetDependency;
			target = A356BCFA2B21E6EB006929B2 /* KleverChallenge */;
			targetProxy = A356BD162B21E6ED006929B2 /* PBXContainerItemProxy */;
		};
/* End PBXTargetDependency section */

/* Begin XCBuildConfiguration section */
		A356BD1D2B21E6ED006929B2 /* Debug */ = {
			isa = XCBuildConfiguration;
			buildSettings = {
				ALWAYS_SEARCH_USER_PATHS = NO;
				CLANG_ANALYZER_NONNULL = YES;
				CLANG_ANALYZER_NUMBER_OBJECT_CONVERSION = YES_AGGRESSIVE;
				CLANG_CXX_LANGUAGE_STANDARD = "gnu++20";
				CLANG_ENABLE_MODULES = YES;
				CLANG_ENABLE_OBJC_ARC = YES;
				CLANG_ENABLE_OBJC_WEAK = YES;
				CLANG_WARN_BLOCK_CAPTURE_AUTORELEASING = YES;
				CLANG_WARN_BOOL_CONVERSION = YES;
				CLANG_WARN_COMMA = YES;
				CLANG_WARN_CONSTANT_CONVERSION = YES;
				CLANG_WARN_DEPRECATED_OBJC_IMPLEMENTATIONS = YES;
				CLANG_WARN_DIRECT_OBJC_ISA_USAGE = YES_ERROR;
				CLANG_WARN_DOCUMENTATION_COMMENTS = YES;
				CLANG_WARN_EMPTY_BODY = YES;
				CLANG_WARN_ENUM_CONVERSION = YES;
				CLANG_WARN_INFINITE_RECURSION = YES;
				CLANG_WARN_INT_CONVERSION = YES;
				CLANG_WARN_NON_LITERAL_NULL_CONVERSION = YES;
				CLANG_WARN_OBJC_IMPLICIT_RETAIN_SELF = YES;
				CLANG_WARN_OBJC_LITERAL_CONVERSION = YES;
				CLANG_WARN_OBJC_ROOT_CLASS = YES_ERROR;
				CLANG_WARN_QUOTED_INCLUDE_IN_FRAMEWORK_HEADER = YES;
				CLANG_WARN_RANGE_LOOP_ANALYSIS = YES;
				CLANG_WARN_STRICT_PROTOTYPES = YES;
				CLANG_WARN_SUSPICIOUS_MOVE = YES;
				CLANG_WARN_UNGUARDED_AVAILABILITY = YES_AGGRESSIVE;
				CLANG_WARN_UNREACHABLE_CODE = YES;
				CLANG_WARN__DUPLICATE_METHOD_MATCH = YES;
				COPY_PHASE_STRIP = NO;
				DEBUG_INFORMATION_FORMAT = dwarf;
				ENABLE_STRICT_OBJC_MSGSEND = YES;
				ENABLE_TESTABILITY = YES;
				GCC_C_LANGUAGE_STANDARD = gnu11;
				GCC_DYNAMIC_NO_PIC = NO;
				GCC_NO_COMMON_BLOCKS = YES;
				GCC_OPTIMIZATION_LEVEL = 0;
				GCC_PREPROCESSOR_DEFINITIONS = (
					"DEBUG=1",
					"$(inherited)",
				);
				GCC_WARN_64_TO_32_BIT_CONVERSION = YES;
				GCC_WARN_ABOUT_RETURN_TYPE = YES_ERROR;
				GCC_WARN_UNDECLARED_SELECTOR = YES;
				GCC_WARN_UNINITIALIZED_AUTOS = YES_AGGRESSIVE;
				GCC_WARN_UNUSED_FUNCTION = YES;
				GCC_WARN_UNUSED_VARIABLE = YES;
				IPHONEOS_DEPLOYMENT_TARGET = 16.2;
				MTL_ENABLE_DEBUG_INFO = INCLUDE_SOURCE;
				MTL_FAST_MATH = YES;
				ONLY_ACTIVE_ARCH = YES;
				SDKROOT = iphoneos;
				SWIFT_ACTIVE_COMPILATION_CONDITIONS = DEBUG;
				SWIFT_OPTIMIZATION_LEVEL = "-Onone";
			};
			name = Debug;
		};
		A356BD1E2B21E6ED006929B2 /* Release */ = {
			isa = XCBuildConfiguration;
			buildSettings = {
				ALWAYS_SEARCH_USER_PATHS = NO;
				CLANG_ANALYZER_NONNULL = YES;
				CLANG_ANALYZER_NUMBER_OBJECT_CONVERSION = YES_AGGRESSIVE;
				CLANG_CXX_LANGUAGE_STANDARD = "gnu++20";
				CLANG_ENABLE_MODULES = YES;
				CLANG_ENABLE_OBJC_ARC = YES;
				CLANG_ENABLE_OBJC_WEAK = YES;
				CLANG_WARN_BLOCK_CAPTURE_AUTORELEASING = YES;
				CLANG_WARN_BOOL_CONVERSION = YES;
				CLANG_WARN_COMMA = YES;
				CLANG_WARN_CONSTANT_CONVERSION = YES;
				CLANG_WARN_DEPRECATED_OBJC_IMPLEMENTATIONS = YES;
				CLANG_WARN_DIRECT_OBJC_ISA_USAGE = YES_ERROR;
				CLANG_WARN_DOCUMENTATION_COMMENTS = YES;
				CLANG_WARN_EMPTY_BODY = YES;
				CLANG_WARN_ENUM_CONVERSION = YES;
				CLANG_WARN_INFINITE_RECURSION = YES;
				CLANG_WARN_INT_CONVERSION = YES;
				CLANG_WARN_NON_LITERAL_NULL_CONVERSION = YES;
				CLANG_WARN_OBJC_IMPLICIT_RETAIN_SELF = YES;
				CLANG_WARN_OBJC_LITERAL_CONVERSION = YES;
				CLANG_WARN_OBJC_ROOT_CLASS = YES_ERROR;
				CLANG_WARN_QUOTED_INCLUDE_IN_FRAMEWORK_HEADER = YES;
				CLANG_WARN_RANGE_LOOP_ANALYSIS = YES;
				CLANG_WARN_STRICT_PROTOTYPES = YES;
				CLANG_WARN_SUSPICIOUS_MOVE = YES;
				CLANG_WARN_UNGUARDED_AVAILABILITY = YES_AGGRESSIVE;
				CLANG_WARN_UNREACHABLE_CODE = YES;
				CLANG_WARN__DUPLICATE_METHOD_MATCH = YES;
				COPY_PHASE_STRIP = NO;
				DEBUG_INFORMATION_FORMAT = "dwarf-with-dsym";
				ENABLE_NS_ASSERTIONS = NO;
				ENABLE_STRICT_OBJC_MSGSEND = YES;
				GCC_C_LANGUAGE_STANDARD = gnu11;
				GCC_NO_COMMON_BLOCKS = YES;
				GCC_WARN_64_TO_32_BIT_CONVERSION = YES;
				GCC_WARN_ABOUT_RETURN_TYPE = YES_ERROR;
				GCC_WARN_UNDECLARED_SELECTOR = YES;
				GCC_WARN_UNINITIALIZED_AUTOS = YES_AGGRESSIVE;
				GCC_WARN_UNUSED_FUNCTION = YES;
				GCC_WARN_UNUSED_VARIABLE = YES;
				IPHONEOS_DEPLOYMENT_TARGET = 16.2;
				MTL_ENABLE_DEBUG_INFO = NO;
				MTL_FAST_MATH = YES;
				SDKROOT = iphoneos;
				SWIFT_COMPILATION_MODE = wholemodule;
				SWIFT_OPTIMIZATION_LEVEL = "-O";
				VALIDATE_PRODUCT = YES;
			};
			name = Release;
		};
		A356BD202B21E6ED006929B2 /* Debug */ = {
			isa = XCBuildConfiguration;
			buildSettings = {
				ASSETCATALOG_COMPILER_APPICON_NAME = AppIcon;
				ASSETCATALOG_COMPILER_GLOBAL_ACCENT_COLOR_NAME = AccentColor;
				CODE_SIGN_STYLE = Automatic;
				CURRENT_PROJECT_VERSION = 1;
				DEVELOPMENT_ASSET_PATHS = "\"KleverChallenge/Preview Content\"";
				ENABLE_PREVIEWS = YES;
				GENERATE_INFOPLIST_FILE = YES;
				INFOPLIST_KEY_UIApplicationSceneManifest_Generation = YES;
				INFOPLIST_KEY_UIApplicationSupportsIndirectInputEvents = YES;
				INFOPLIST_KEY_UILaunchScreen_Generation = YES;
				INFOPLIST_KEY_UISupportedInterfaceOrientations_iPad = "UIInterfaceOrientationPortrait UIInterfaceOrientationPortraitUpsideDown UIInterfaceOrientationLandscapeLeft UIInterfaceOrientationLandscapeRight";
				INFOPLIST_KEY_UISupportedInterfaceOrientations_iPhone = "UIInterfaceOrientationPortrait UIInterfaceOrientationLandscapeLeft UIInterfaceOrientationLandscapeRight";
				LD_RUNPATH_SEARCH_PATHS = (
					"$(inherited)",
					"@executable_path/Frameworks",
				);
				MARKETING_VERSION = 1.0;
				PRODUCT_BUNDLE_IDENTIFIER = com.brunoorocha.KleverChallenge;
				PRODUCT_NAME = "$(TARGET_NAME)";
				SWIFT_EMIT_LOC_STRINGS = YES;
				SWIFT_VERSION = 5.0;
				TARGETED_DEVICE_FAMILY = "1,2";
			};
			name = Debug;
		};
		A356BD212B21E6ED006929B2 /* Release */ = {
			isa = XCBuildConfiguration;
			buildSettings = {
				ASSETCATALOG_COMPILER_APPICON_NAME = AppIcon;
				ASSETCATALOG_COMPILER_GLOBAL_ACCENT_COLOR_NAME = AccentColor;
				CODE_SIGN_STYLE = Automatic;
				CURRENT_PROJECT_VERSION = 1;
				DEVELOPMENT_ASSET_PATHS = "\"KleverChallenge/Preview Content\"";
				ENABLE_PREVIEWS = YES;
				GENERATE_INFOPLIST_FILE = YES;
				INFOPLIST_KEY_UIApplicationSceneManifest_Generation = YES;
				INFOPLIST_KEY_UIApplicationSupportsIndirectInputEvents = YES;
				INFOPLIST_KEY_UILaunchScreen_Generation = YES;
				INFOPLIST_KEY_UISupportedInterfaceOrientations_iPad = "UIInterfaceOrientationPortrait UIInterfaceOrientationPortraitUpsideDown UIInterfaceOrientationLandscapeLeft UIInterfaceOrientationLandscapeRight";
				INFOPLIST_KEY_UISupportedInterfaceOrientations_iPhone = "UIInterfaceOrientationPortrait UIInterfaceOrientationLandscapeLeft UIInterfaceOrientationLandscapeRight";
				LD_RUNPATH_SEARCH_PATHS = (
					"$(inherited)",
					"@executable_path/Frameworks",
				);
				MARKETING_VERSION = 1.0;
				PRODUCT_BUNDLE_IDENTIFIER = com.brunoorocha.KleverChallenge;
				PRODUCT_NAME = "$(TARGET_NAME)";
				SWIFT_EMIT_LOC_STRINGS = YES;
				SWIFT_VERSION = 5.0;
				TARGETED_DEVICE_FAMILY = "1,2";
			};
			name = Release;
		};
		A356BD232B21E6ED006929B2 /* Debug */ = {
			isa = XCBuildConfiguration;
			buildSettings = {
				ALWAYS_EMBED_SWIFT_STANDARD_LIBRARIES = YES;
				BUNDLE_LOADER = "$(TEST_HOST)";
				CODE_SIGN_STYLE = Automatic;
				CURRENT_PROJECT_VERSION = 1;
				GENERATE_INFOPLIST_FILE = YES;
				IPHONEOS_DEPLOYMENT_TARGET = 16.2;
				MARKETING_VERSION = 1.0;
				PRODUCT_BUNDLE_IDENTIFIER = com.brunoorocha.KleverChallengeTests;
				PRODUCT_NAME = "$(TARGET_NAME)";
				SWIFT_EMIT_LOC_STRINGS = NO;
				SWIFT_VERSION = 5.0;
				TARGETED_DEVICE_FAMILY = "1,2";
				TEST_HOST = "$(BUILT_PRODUCTS_DIR)/KleverChallenge.app/$(BUNDLE_EXECUTABLE_FOLDER_PATH)/KleverChallenge";
			};
			name = Debug;
		};
		A356BD242B21E6ED006929B2 /* Release */ = {
			isa = XCBuildConfiguration;
			buildSettings = {
				ALWAYS_EMBED_SWIFT_STANDARD_LIBRARIES = YES;
				BUNDLE_LOADER = "$(TEST_HOST)";
				CODE_SIGN_STYLE = Automatic;
				CURRENT_PROJECT_VERSION = 1;
				GENERATE_INFOPLIST_FILE = YES;
				IPHONEOS_DEPLOYMENT_TARGET = 16.2;
				MARKETING_VERSION = 1.0;
				PRODUCT_BUNDLE_IDENTIFIER = com.brunoorocha.KleverChallengeTests;
				PRODUCT_NAME = "$(TARGET_NAME)";
				SWIFT_EMIT_LOC_STRINGS = NO;
				SWIFT_VERSION = 5.0;
				TARGETED_DEVICE_FAMILY = "1,2";
				TEST_HOST = "$(BUILT_PRODUCTS_DIR)/KleverChallenge.app/$(BUNDLE_EXECUTABLE_FOLDER_PATH)/KleverChallenge";
			};
			name = Release;
		};
		A356BD262B21E6ED006929B2 /* Debug */ = {
			isa = XCBuildConfiguration;
			buildSettings = {
				ALWAYS_EMBED_SWIFT_STANDARD_LIBRARIES = YES;
				CODE_SIGN_STYLE = Automatic;
				CURRENT_PROJECT_VERSION = 1;
				GENERATE_INFOPLIST_FILE = YES;
				MARKETING_VERSION = 1.0;
				PRODUCT_BUNDLE_IDENTIFIER = com.brunoorocha.KleverChallengeUITests;
				PRODUCT_NAME = "$(TARGET_NAME)";
				SWIFT_EMIT_LOC_STRINGS = NO;
				SWIFT_VERSION = 5.0;
				TARGETED_DEVICE_FAMILY = "1,2";
				TEST_TARGET_NAME = KleverChallenge;
			};
			name = Debug;
		};
		A356BD272B21E6ED006929B2 /* Release */ = {
			isa = XCBuildConfiguration;
			buildSettings = {
				ALWAYS_EMBED_SWIFT_STANDARD_LIBRARIES = YES;
				CODE_SIGN_STYLE = Automatic;
				CURRENT_PROJECT_VERSION = 1;
				GENERATE_INFOPLIST_FILE = YES;
				MARKETING_VERSION = 1.0;
				PRODUCT_BUNDLE_IDENTIFIER = com.brunoorocha.KleverChallengeUITests;
				PRODUCT_NAME = "$(TARGET_NAME)";
				SWIFT_EMIT_LOC_STRINGS = NO;
				SWIFT_VERSION = 5.0;
				TARGETED_DEVICE_FAMILY = "1,2";
				TEST_TARGET_NAME = KleverChallenge;
			};
			name = Release;
		};
/* End XCBuildConfiguration section */

/* Begin XCConfigurationList section */
		A356BCF62B21E6EB006929B2 /* Build configuration list for PBXProject "KleverChallenge" */ = {
			isa = XCConfigurationList;
			buildConfigurations = (
				A356BD1D2B21E6ED006929B2 /* Debug */,
				A356BD1E2B21E6ED006929B2 /* Release */,
			);
			defaultConfigurationIsVisible = 0;
			defaultConfigurationName = Release;
		};
		A356BD1F2B21E6ED006929B2 /* Build configuration list for PBXNativeTarget "KleverChallenge" */ = {
			isa = XCConfigurationList;
			buildConfigurations = (
				A356BD202B21E6ED006929B2 /* Debug */,
				A356BD212B21E6ED006929B2 /* Release */,
			);
			defaultConfigurationIsVisible = 0;
			defaultConfigurationName = Release;
		};
		A356BD222B21E6ED006929B2 /* Build configuration list for PBXNativeTarget "KleverChallengeTests" */ = {
			isa = XCConfigurationList;
			buildConfigurations = (
				A356BD232B21E6ED006929B2 /* Debug */,
				A356BD242B21E6ED006929B2 /* Release */,
			);
			defaultConfigurationIsVisible = 0;
			defaultConfigurationName = Release;
		};
		A356BD252B21E6ED006929B2 /* Build configuration list for PBXNativeTarget "KleverChallengeUITests" */ = {
			isa = XCConfigurationList;
			buildConfigurations = (
				A356BD262B21E6ED006929B2 /* Debug */,
				A356BD272B21E6ED006929B2 /* Release */,
			);
			defaultConfigurationIsVisible = 0;
			defaultConfigurationName = Release;
		};
/* End XCConfigurationList section */

/* Begin XCVersionGroup section */
		A356BD282B21E754006929B2 /* KleverChallengeDataModel.xcdatamodeld */ = {
			isa = XCVersionGroup;
			children = (
				A356BD292B21E754006929B2 /* Database.xcdatamodel */,
			);
			currentVersion = A356BD292B21E754006929B2 /* Database.xcdatamodel */;
			path = KleverChallengeDataModel.xcdatamodeld;
			sourceTree = "<group>";
			versionGroupType = wrapper.xcdatamodel;
		};
/* End XCVersionGroup section */
	};
	rootObject = A356BCF32B21E6EB006929B2 /* Project object */;
}
